// !$*UTF8*$!
{
	archiveVersion = 1;
	classes = {
	};
	objectVersion = 48;
	objects = {

/* Begin PBXBuildFile section */
		255E39C4843636F62EEC5381 /* Pods_dailyExchange.framework in Frameworks */ = {isa = PBXBuildFile; fileRef = 56F94973C6F49D846316749B /* Pods_dailyExchange.framework */; };
		55244D8520C0BA2F00E0FAB9 /* ExchangeRateParseObject.swift in Sources */ = {isa = PBXBuildFile; fileRef = 55244D8420C0BA2F00E0FAB9 /* ExchangeRateParseObject.swift */; };
		5531CBF520D608580053AAA8 /* ContactUsViewController.swift in Sources */ = {isa = PBXBuildFile; fileRef = 5531CBF420D608580053AAA8 /* ContactUsViewController.swift */; };
		5531CBF720D6ED730053AAA8 /* Issue.swift in Sources */ = {isa = PBXBuildFile; fileRef = 5531CBF620D6ED730053AAA8 /* Issue.swift */; };
		55452E4D204E0FCB00658D6D /* MainViewController.swift in Sources */ = {isa = PBXBuildFile; fileRef = 55452E4C204E0FCB00658D6D /* MainViewController.swift */; };
		55452E4F204E0FDD00658D6D /* SettingsViewController.swift in Sources */ = {isa = PBXBuildFile; fileRef = 55452E4E204E0FDD00658D6D /* SettingsViewController.swift */; };
		55452E51204E0FF600658D6D /* ChartViewController.swift in Sources */ = {isa = PBXBuildFile; fileRef = 55452E50204E0FF600658D6D /* ChartViewController.swift */; };
		55452E53204E101700658D6D /* SignUpViewController.swift in Sources */ = {isa = PBXBuildFile; fileRef = 55452E52204E101700658D6D /* SignUpViewController.swift */; };
		55452E81204E286900658D6D /* Keys.swift in Sources */ = {isa = PBXBuildFile; fileRef = 55452E80204E286900658D6D /* Keys.swift */; };
		55452E83204E4F4700658D6D /* SignInViewController.swift in Sources */ = {isa = PBXBuildFile; fileRef = 55452E82204E4F4700658D6D /* SignInViewController.swift */; };
		55452E87204E61FD00658D6D /* UserValidator.swift in Sources */ = {isa = PBXBuildFile; fileRef = 55452E86204E61FD00658D6D /* UserValidator.swift */; };
		55452E89204F468F00658D6D /* User.swift in Sources */ = {isa = PBXBuildFile; fileRef = 55452E88204F468F00658D6D /* User.swift */; };
		554C7D8E206309CC0087ECAB /* CurrencyPickerViewController.swift in Sources */ = {isa = PBXBuildFile; fileRef = 554C7D8D206309CC0087ECAB /* CurrencyPickerViewController.swift */; };
		554C7D9120630D300087ECAB /* CurrencyTableViewCell.swift in Sources */ = {isa = PBXBuildFile; fileRef = 554C7D8F20630D300087ECAB /* CurrencyTableViewCell.swift */; };
		554C7D9220630D300087ECAB /* CurrencyTableViewCell.xib in Resources */ = {isa = PBXBuildFile; fileRef = 554C7D9020630D300087ECAB /* CurrencyTableViewCell.xib */; };
		554FEAAD20BB64BC000D8F06 /* ExchangeRateJsonMapping.swift in Sources */ = {isa = PBXBuildFile; fileRef = 554FEAAC20BB64BC000D8F06 /* ExchangeRateJsonMapping.swift */; };
		556D4FD62058E55A005307BC /* ExchangeRateTableViewCell.swift in Sources */ = {isa = PBXBuildFile; fileRef = 556D4FD52058E55A005307BC /* ExchangeRateTableViewCell.swift */; };
		556D4FD8205A3C7F005307BC /* NetworkingManager.swift in Sources */ = {isa = PBXBuildFile; fileRef = 556D4FD7205A3C7F005307BC /* NetworkingManager.swift */; };
		556D4FDA206061F4005307BC /* CurrencyJsonMapping.swift in Sources */ = {isa = PBXBuildFile; fileRef = 556D4FD9206061F4005307BC /* CurrencyJsonMapping.swift */; };
		557691B7204E0A700097CCF7 /* AppDelegate.swift in Sources */ = {isa = PBXBuildFile; fileRef = 557691B6204E0A700097CCF7 /* AppDelegate.swift */; };
		557691BC204E0A700097CCF7 /* Main.storyboard in Resources */ = {isa = PBXBuildFile; fileRef = 557691BA204E0A700097CCF7 /* Main.storyboard */; };
		557691BE204E0A700097CCF7 /* Assets.xcassets in Resources */ = {isa = PBXBuildFile; fileRef = 557691BD204E0A700097CCF7 /* Assets.xcassets */; };
		557691CC204E0A700097CCF7 /* dailyExchangeTests.swift in Sources */ = {isa = PBXBuildFile; fileRef = 557691CB204E0A700097CCF7 /* dailyExchangeTests.swift */; };
		557B4EFE20C33722000F0CFD /* libsqlite3.tbd in Frameworks */ = {isa = PBXBuildFile; fileRef = 557B4EFD20C33722000F0CFD /* libsqlite3.tbd */; };
		55C065AF2057A88D009ABAF4 /* Login.storyboard in Resources */ = {isa = PBXBuildFile; fileRef = 55C065AE2057A88D009ABAF4 /* Login.storyboard */; };
		55C065B120587F7F009ABAF4 /* Notifications.swift in Sources */ = {isa = PBXBuildFile; fileRef = 55C065B020587F7F009ABAF4 /* Notifications.swift */; };
		55C8190420818112000706BB /* FileReader.swift in Sources */ = {isa = PBXBuildFile; fileRef = 55C8190320818112000706BB /* FileReader.swift */; };
		55C8190620818D77000706BB /* CurrencyListJsonMapping.swift in Sources */ = {isa = PBXBuildFile; fileRef = 55C8190520818D77000706BB /* CurrencyListJsonMapping.swift */; };
		55CC22482060FB260025884B /* Info.plist in Resources */ = {isa = PBXBuildFile; fileRef = 557691C2204E0A700097CCF7 /* Info.plist */; };
		55E72CA0208447BB003AD19A /* DynamicCodingKey.swift in Sources */ = {isa = PBXBuildFile; fileRef = 55E72C9F208447BB003AD19A /* DynamicCodingKey.swift */; };
		55F45CE62072F36A00ABAE9C /* VisibleViewControllerExtention.swift in Sources */ = {isa = PBXBuildFile; fileRef = 55F45CE52072F36A00ABAE9C /* VisibleViewControllerExtention.swift */; };
		55F45CE82072F8FF00ABAE9C /* ErrorPrecentor.swift in Sources */ = {isa = PBXBuildFile; fileRef = 55F45CE72072F8FF00ABAE9C /* ErrorPrecentor.swift */; };
		55F8CB8B20CF01D10015A254 /* ExchangeRateParseObjectImporter.swift in Sources */ = {isa = PBXBuildFile; fileRef = 55F8CB8A20CF01D10015A254 /* ExchangeRateParseObjectImporter.swift */; };
		55FED5D42084582B00C1118F /* currencyList.json in Resources */ = {isa = PBXBuildFile; fileRef = 555F9699207B187300363816 /* currencyList.json */; };
		8A9B21675D6D0E6362AEC620 /* Pods_dailyExchangeTests.framework in Frameworks */ = {isa = PBXBuildFile; fileRef = 83B31008FD3752651DC709BA /* Pods_dailyExchangeTests.framework */; };
/* End PBXBuildFile section */

/* Begin PBXContainerItemProxy section */
		557691C8204E0A700097CCF7 /* PBXContainerItemProxy */ = {
			isa = PBXContainerItemProxy;
			containerPortal = 557691AB204E0A700097CCF7 /* Project object */;
			proxyType = 1;
			remoteGlobalIDString = 557691B2204E0A700097CCF7;
			remoteInfo = dailyExchange;
		};
/* End PBXContainerItemProxy section */

/* Begin PBXFileReference section */
		55244D8420C0BA2F00E0FAB9 /* ExchangeRateParseObject.swift */ = {isa = PBXFileReference; lastKnownFileType = sourcecode.swift; path = ExchangeRateParseObject.swift; sourceTree = "<group>"; };
		5531CBF420D608580053AAA8 /* ContactUsViewController.swift */ = {isa = PBXFileReference; lastKnownFileType = sourcecode.swift; path = ContactUsViewController.swift; sourceTree = "<group>"; };
		5531CBF620D6ED730053AAA8 /* Issue.swift */ = {isa = PBXFileReference; lastKnownFileType = sourcecode.swift; path = Issue.swift; sourceTree = "<group>"; };
		553E5E8F20D0D65A0008E039 /* dailyExchange.entitlements */ = {isa = PBXFileReference; lastKnownFileType = text.plist.entitlements; path = dailyExchange.entitlements; sourceTree = "<group>"; };
		55452E4C204E0FCB00658D6D /* MainViewController.swift */ = {isa = PBXFileReference; lastKnownFileType = sourcecode.swift; path = MainViewController.swift; sourceTree = "<group>"; };
		55452E4E204E0FDD00658D6D /* SettingsViewController.swift */ = {isa = PBXFileReference; lastKnownFileType = sourcecode.swift; path = SettingsViewController.swift; sourceTree = "<group>"; };
		55452E50204E0FF600658D6D /* ChartViewController.swift */ = {isa = PBXFileReference; lastKnownFileType = sourcecode.swift; path = ChartViewController.swift; sourceTree = "<group>"; };
		55452E52204E101700658D6D /* SignUpViewController.swift */ = {isa = PBXFileReference; lastKnownFileType = sourcecode.swift; path = SignUpViewController.swift; sourceTree = "<group>"; };
		55452E80204E286900658D6D /* Keys.swift */ = {isa = PBXFileReference; lastKnownFileType = sourcecode.swift; path = Keys.swift; sourceTree = "<group>"; };
		55452E82204E4F4700658D6D /* SignInViewController.swift */ = {isa = PBXFileReference; lastKnownFileType = sourcecode.swift; path = SignInViewController.swift; sourceTree = "<group>"; };
		55452E86204E61FD00658D6D /* UserValidator.swift */ = {isa = PBXFileReference; lastKnownFileType = sourcecode.swift; path = UserValidator.swift; sourceTree = "<group>"; };
		55452E88204F468F00658D6D /* User.swift */ = {isa = PBXFileReference; lastKnownFileType = sourcecode.swift; path = User.swift; sourceTree = "<group>"; };
		554C7D8D206309CC0087ECAB /* CurrencyPickerViewController.swift */ = {isa = PBXFileReference; lastKnownFileType = sourcecode.swift; path = CurrencyPickerViewController.swift; sourceTree = "<group>"; };
		554C7D8F20630D300087ECAB /* CurrencyTableViewCell.swift */ = {isa = PBXFileReference; lastKnownFileType = sourcecode.swift; path = CurrencyTableViewCell.swift; sourceTree = "<group>"; };
		554C7D9020630D300087ECAB /* CurrencyTableViewCell.xib */ = {isa = PBXFileReference; lastKnownFileType = file.xib; path = CurrencyTableViewCell.xib; sourceTree = "<group>"; };
		554FEAAC20BB64BC000D8F06 /* ExchangeRateJsonMapping.swift */ = {isa = PBXFileReference; lastKnownFileType = sourcecode.swift; path = ExchangeRateJsonMapping.swift; sourceTree = "<group>"; };
		555F9699207B187300363816 /* currencyList.json */ = {isa = PBXFileReference; lastKnownFileType = text.json; path = currencyList.json; sourceTree = "<group>"; };
		556D4FD52058E55A005307BC /* ExchangeRateTableViewCell.swift */ = {isa = PBXFileReference; lastKnownFileType = sourcecode.swift; path = ExchangeRateTableViewCell.swift; sourceTree = "<group>"; };
		556D4FD7205A3C7F005307BC /* NetworkingManager.swift */ = {isa = PBXFileReference; lastKnownFileType = sourcecode.swift; path = NetworkingManager.swift; sourceTree = "<group>"; };
		556D4FD9206061F4005307BC /* CurrencyJsonMapping.swift */ = {isa = PBXFileReference; lastKnownFileType = sourcecode.swift; path = CurrencyJsonMapping.swift; sourceTree = "<group>"; };
		557691B3204E0A700097CCF7 /* dailyExchange.app */ = {isa = PBXFileReference; explicitFileType = wrapper.application; includeInIndex = 0; path = dailyExchange.app; sourceTree = BUILT_PRODUCTS_DIR; };
		557691B6204E0A700097CCF7 /* AppDelegate.swift */ = {isa = PBXFileReference; lastKnownFileType = sourcecode.swift; path = AppDelegate.swift; sourceTree = "<group>"; };
		557691BB204E0A700097CCF7 /* Base */ = {isa = PBXFileReference; lastKnownFileType = file.storyboard; name = Base; path = Base.lproj/Main.storyboard; sourceTree = "<group>"; };
		557691BD204E0A700097CCF7 /* Assets.xcassets */ = {isa = PBXFileReference; lastKnownFileType = folder.assetcatalog; path = Assets.xcassets; sourceTree = "<group>"; };
		557691C2204E0A700097CCF7 /* Info.plist */ = {isa = PBXFileReference; lastKnownFileType = text.plist.xml; path = Info.plist; sourceTree = "<group>"; };
		557691C7204E0A700097CCF7 /* dailyExchangeTests.xctest */ = {isa = PBXFileReference; explicitFileType = wrapper.cfbundle; includeInIndex = 0; path = dailyExchangeTests.xctest; sourceTree = BUILT_PRODUCTS_DIR; };
		557691CB204E0A700097CCF7 /* dailyExchangeTests.swift */ = {isa = PBXFileReference; lastKnownFileType = sourcecode.swift; path = dailyExchangeTests.swift; sourceTree = "<group>"; };
		557691CD204E0A700097CCF7 /* Info.plist */ = {isa = PBXFileReference; lastKnownFileType = text.plist.xml; path = Info.plist; sourceTree = "<group>"; };
		557B4EFD20C33722000F0CFD /* libsqlite3.tbd */ = {isa = PBXFileReference; lastKnownFileType = "sourcecode.text-based-dylib-definition"; name = libsqlite3.tbd; path = usr/lib/libsqlite3.tbd; sourceTree = SDKROOT; };
		55C065AE2057A88D009ABAF4 /* Login.storyboard */ = {isa = PBXFileReference; lastKnownFileType = file.storyboard; path = Login.storyboard; sourceTree = "<group>"; };
		55C065B020587F7F009ABAF4 /* Notifications.swift */ = {isa = PBXFileReference; lastKnownFileType = sourcecode.swift; path = Notifications.swift; sourceTree = "<group>"; };
		55C8190320818112000706BB /* FileReader.swift */ = {isa = PBXFileReference; lastKnownFileType = sourcecode.swift; path = FileReader.swift; sourceTree = "<group>"; };
		55C8190520818D77000706BB /* CurrencyListJsonMapping.swift */ = {isa = PBXFileReference; lastKnownFileType = sourcecode.swift; path = CurrencyListJsonMapping.swift; sourceTree = "<group>"; };
		55E72C9F208447BB003AD19A /* DynamicCodingKey.swift */ = {isa = PBXFileReference; lastKnownFileType = sourcecode.swift; path = DynamicCodingKey.swift; sourceTree = "<group>"; };
		55F45CE52072F36A00ABAE9C /* VisibleViewControllerExtention.swift */ = {isa = PBXFileReference; lastKnownFileType = sourcecode.swift; path = VisibleViewControllerExtention.swift; sourceTree = "<group>"; };
		55F45CE72072F8FF00ABAE9C /* ErrorPrecentor.swift */ = {isa = PBXFileReference; lastKnownFileType = sourcecode.swift; path = ErrorPrecentor.swift; sourceTree = "<group>"; };
		55F8CB8A20CF01D10015A254 /* ExchangeRateParseObjectImporter.swift */ = {isa = PBXFileReference; lastKnownFileType = sourcecode.swift; path = ExchangeRateParseObjectImporter.swift; sourceTree = "<group>"; };
		56F94973C6F49D846316749B /* Pods_dailyExchange.framework */ = {isa = PBXFileReference; explicitFileType = wrapper.framework; includeInIndex = 0; path = Pods_dailyExchange.framework; sourceTree = BUILT_PRODUCTS_DIR; };
		7E201AE21138C3B9B3F190B0 /* Pods-dailyExchange.release.xcconfig */ = {isa = PBXFileReference; includeInIndex = 1; lastKnownFileType = text.xcconfig; name = "Pods-dailyExchange.release.xcconfig"; path = "Pods/Target Support Files/Pods-dailyExchange/Pods-dailyExchange.release.xcconfig"; sourceTree = "<group>"; };
		83B31008FD3752651DC709BA /* Pods_dailyExchangeTests.framework */ = {isa = PBXFileReference; explicitFileType = wrapper.framework; includeInIndex = 0; path = Pods_dailyExchangeTests.framework; sourceTree = BUILT_PRODUCTS_DIR; };
		902F6378260AEBDA4D17F5F0 /* Pods-dailyExchange.debug.xcconfig */ = {isa = PBXFileReference; includeInIndex = 1; lastKnownFileType = text.xcconfig; name = "Pods-dailyExchange.debug.xcconfig"; path = "Pods/Target Support Files/Pods-dailyExchange/Pods-dailyExchange.debug.xcconfig"; sourceTree = "<group>"; };
		C75E640CBBFE55921DBF5FFC /* Pods-dailyExchangeTests.debug.xcconfig */ = {isa = PBXFileReference; includeInIndex = 1; lastKnownFileType = text.xcconfig; name = "Pods-dailyExchangeTests.debug.xcconfig"; path = "Pods/Target Support Files/Pods-dailyExchangeTests/Pods-dailyExchangeTests.debug.xcconfig"; sourceTree = "<group>"; };
		CF9908DEC441F08859728C51 /* Pods-dailyExchangeTests.release.xcconfig */ = {isa = PBXFileReference; includeInIndex = 1; lastKnownFileType = text.xcconfig; name = "Pods-dailyExchangeTests.release.xcconfig"; path = "Pods/Target Support Files/Pods-dailyExchangeTests/Pods-dailyExchangeTests.release.xcconfig"; sourceTree = "<group>"; };
/* End PBXFileReference section */

/* Begin PBXFrameworksBuildPhase section */
		557691B0204E0A700097CCF7 /* Frameworks */ = {
			isa = PBXFrameworksBuildPhase;
			buildActionMask = 2147483647;
			files = (
				557B4EFE20C33722000F0CFD /* libsqlite3.tbd in Frameworks */,
				255E39C4843636F62EEC5381 /* Pods_dailyExchange.framework in Frameworks */,
			);
			runOnlyForDeploymentPostprocessing = 0;
		};
		557691C4204E0A700097CCF7 /* Frameworks */ = {
			isa = PBXFrameworksBuildPhase;
			buildActionMask = 2147483647;
			files = (
				8A9B21675D6D0E6362AEC620 /* Pods_dailyExchangeTests.framework in Frameworks */,
			);
			runOnlyForDeploymentPostprocessing = 0;
		};
/* End PBXFrameworksBuildPhase section */

/* Begin PBXGroup section */
		55244D8220C0B78F00E0FAB9 /* jsonMappings */ = {
			isa = PBXGroup;
			children = (
				556D4FD9206061F4005307BC /* CurrencyJsonMapping.swift */,
				55C8190520818D77000706BB /* CurrencyListJsonMapping.swift */,
				554FEAAC20BB64BC000D8F06 /* ExchangeRateJsonMapping.swift */,
			);
			path = jsonMappings;
			sourceTree = "<group>";
		};
		55244D8320C0B7C900E0FAB9 /* parseObjects */ = {
			isa = PBXGroup;
			children = (
				55452E88204F468F00658D6D /* User.swift */,
				5531CBF620D6ED730053AAA8 /* Issue.swift */,
				55244D8420C0BA2F00E0FAB9 /* ExchangeRateParseObject.swift */,
			);
			path = parseObjects;
			sourceTree = "<group>";
		};
		55452E4B204E0F7700658D6D /* ViewControllers */ = {
			isa = PBXGroup;
			children = (
				55452E4C204E0FCB00658D6D /* MainViewController.swift */,
				5531CBF420D608580053AAA8 /* ContactUsViewController.swift */,
				554C7D8D206309CC0087ECAB /* CurrencyPickerViewController.swift */,
				55452E4E204E0FDD00658D6D /* SettingsViewController.swift */,
				55452E50204E0FF600658D6D /* ChartViewController.swift */,
				55452E52204E101700658D6D /* SignUpViewController.swift */,
				55452E82204E4F4700658D6D /* SignInViewController.swift */,
			);
			path = ViewControllers;
			sourceTree = "<group>";
		};
		55452E84204E615D00658D6D /* Models */ = {
			isa = PBXGroup;
			children = (
				55F8CB8920CF01A10015A254 /* Services */,
				556D4FD7205A3C7F005307BC /* NetworkingManager.swift */,
				55244D8320C0B7C900E0FAB9 /* parseObjects */,
				55244D8220C0B78F00E0FAB9 /* jsonMappings */,
			);
			path = Models;
			sourceTree = "<group>";
		};
		55452E85204E617E00658D6D /* Utilities */ = {
			isa = PBXGroup;
			children = (
				55452E86204E61FD00658D6D /* UserValidator.swift */,
				55F45CE72072F8FF00ABAE9C /* ErrorPrecentor.swift */,
				55C8190320818112000706BB /* FileReader.swift */,
				55E72CA1208447C7003AD19A /* JSONEncoding */,
			);
			path = Utilities;
			sourceTree = "<group>";
		};
		556D4FD42058E52B005307BC /* View */ = {
			isa = PBXGroup;
			children = (
				55D80B2F20607220005D086A /* storyboards */,
				556D4FD52058E55A005307BC /* ExchangeRateTableViewCell.swift */,
				554C7D8F20630D300087ECAB /* CurrencyTableViewCell.swift */,
				554C7D9020630D300087ECAB /* CurrencyTableViewCell.xib */,
			);
			path = View;
			sourceTree = "<group>";
		};
		557691AA204E0A700097CCF7 = {
			isa = PBXGroup;
			children = (
				557691B5204E0A700097CCF7 /* dailyExchange */,
				557691C2204E0A700097CCF7 /* Info.plist */,
				557691CA204E0A700097CCF7 /* dailyExchangeTests */,
				557691B4204E0A700097CCF7 /* Products */,
				AEAD2D2C9644A19CF70632D9 /* Pods */,
				E4771656B5241417D16AFCCA /* Frameworks */,
			);
			sourceTree = "<group>";
		};
		557691B4204E0A700097CCF7 /* Products */ = {
			isa = PBXGroup;
			children = (
				557691B3204E0A700097CCF7 /* dailyExchange.app */,
				557691C7204E0A700097CCF7 /* dailyExchangeTests.xctest */,
			);
			name = Products;
			sourceTree = "<group>";
		};
		557691B5204E0A700097CCF7 /* dailyExchange */ = {
			isa = PBXGroup;
			children = (
				553E5E8F20D0D65A0008E039 /* dailyExchange.entitlements */,
				557691B6204E0A700097CCF7 /* AppDelegate.swift */,
				55452E80204E286900658D6D /* Keys.swift */,
				556D4FD42058E52B005307BC /* View */,
				55F45CE42072F33200ABAE9C /* Extentions */,
				55452E85204E617E00658D6D /* Utilities */,
				55452E84204E615D00658D6D /* Models */,
				55452E4B204E0F7700658D6D /* ViewControllers */,
				55D80B3020607236005D086A /* Assets */,
			);
			path = dailyExchange;
			sourceTree = "<group>";
		};
		557691CA204E0A700097CCF7 /* dailyExchangeTests */ = {
			isa = PBXGroup;
			children = (
				557691CB204E0A700097CCF7 /* dailyExchangeTests.swift */,
				557691CD204E0A700097CCF7 /* Info.plist */,
			);
			path = dailyExchangeTests;
			sourceTree = "<group>";
		};
		55D80B2F20607220005D086A /* storyboards */ = {
			isa = PBXGroup;
			children = (
				557691BA204E0A700097CCF7 /* Main.storyboard */,
				55C065AE2057A88D009ABAF4 /* Login.storyboard */,
			);
			path = storyboards;
			sourceTree = "<group>";
		};
		55D80B3020607236005D086A /* Assets */ = {
			isa = PBXGroup;
			children = (
				557691BD204E0A700097CCF7 /* Assets.xcassets */,
				555F9699207B187300363816 /* currencyList.json */,
			);
			path = Assets;
			sourceTree = "<group>";
		};
		55E72CA1208447C7003AD19A /* JSONEncoding */ = {
			isa = PBXGroup;
			children = (
				55E72C9F208447BB003AD19A /* DynamicCodingKey.swift */,
			);
			path = JSONEncoding;
			sourceTree = "<group>";
		};
		55F45CE42072F33200ABAE9C /* Extentions */ = {
			isa = PBXGroup;
			children = (
				55F45CE52072F36A00ABAE9C /* VisibleViewControllerExtention.swift */,
				55C065B020587F7F009ABAF4 /* Notifications.swift */,
			);
			path = Extentions;
			sourceTree = "<group>";
		};
		55F8CB8920CF01A10015A254 /* Services */ = {
			isa = PBXGroup;
			children = (
				55F8CB8A20CF01D10015A254 /* ExchangeRateParseObjectImporter.swift */,
			);
			path = Services;
			sourceTree = "<group>";
		};
		AEAD2D2C9644A19CF70632D9 /* Pods */ = {
			isa = PBXGroup;
			children = (
				902F6378260AEBDA4D17F5F0 /* Pods-dailyExchange.debug.xcconfig */,
				7E201AE21138C3B9B3F190B0 /* Pods-dailyExchange.release.xcconfig */,
				C75E640CBBFE55921DBF5FFC /* Pods-dailyExchangeTests.debug.xcconfig */,
				CF9908DEC441F08859728C51 /* Pods-dailyExchangeTests.release.xcconfig */,
			);
			name = Pods;
			sourceTree = "<group>";
		};
		E4771656B5241417D16AFCCA /* Frameworks */ = {
			isa = PBXGroup;
			children = (
				557B4EFD20C33722000F0CFD /* libsqlite3.tbd */,
				56F94973C6F49D846316749B /* Pods_dailyExchange.framework */,
				83B31008FD3752651DC709BA /* Pods_dailyExchangeTests.framework */,
			);
			name = Frameworks;
			sourceTree = "<group>";
		};
/* End PBXGroup section */

/* Begin PBXNativeTarget section */
		557691B2204E0A700097CCF7 /* dailyExchange */ = {
			isa = PBXNativeTarget;
			buildConfigurationList = 557691D0204E0A700097CCF7 /* Build configuration list for PBXNativeTarget "dailyExchange" */;
			buildPhases = (
				B4F778CB3371E149892ED53F /* [CP] Check Pods Manifest.lock */,
				557691AF204E0A700097CCF7 /* Sources */,
				557691B0204E0A700097CCF7 /* Frameworks */,
				557691B1204E0A700097CCF7 /* Resources */,
				1BE4E023C8ABBBACD7AE7267 /* [CP] Embed Pods Frameworks */,
				CDC0C6F3331809430AA322FB /* [CP] Copy Pods Resources */,
			);
			buildRules = (
			);
			dependencies = (
			);
			name = dailyExchange;
			productName = dailyExchange;
			productReference = 557691B3204E0A700097CCF7 /* dailyExchange.app */;
			productType = "com.apple.product-type.application";
		};
		557691C6204E0A700097CCF7 /* dailyExchangeTests */ = {
			isa = PBXNativeTarget;
			buildConfigurationList = 557691D3204E0A700097CCF7 /* Build configuration list for PBXNativeTarget "dailyExchangeTests" */;
			buildPhases = (
				5F14450B16B756CFA5FDA9D2 /* [CP] Check Pods Manifest.lock */,
				557691C3204E0A700097CCF7 /* Sources */,
				557691C4204E0A700097CCF7 /* Frameworks */,
				557691C5204E0A700097CCF7 /* Resources */,
				84C09A0863203B68D8FDF5C4 /* [CP] Embed Pods Frameworks */,
				58F07911ABD37AF0D51EE8F1 /* [CP] Copy Pods Resources */,
			);
			buildRules = (
			);
			dependencies = (
				557691C9204E0A700097CCF7 /* PBXTargetDependency */,
			);
			name = dailyExchangeTests;
			productName = dailyExchangeTests;
			productReference = 557691C7204E0A700097CCF7 /* dailyExchangeTests.xctest */;
			productType = "com.apple.product-type.bundle.unit-test";
		};
/* End PBXNativeTarget section */

/* Begin PBXProject section */
		557691AB204E0A700097CCF7 /* Project object */ = {
			isa = PBXProject;
			attributes = {
				LastSwiftUpdateCheck = 0920;
				LastUpgradeCheck = 0920;
				ORGANIZATIONNAME = "thomas minshull";
				TargetAttributes = {
					557691B2204E0A700097CCF7 = {
						CreatedOnToolsVersion = 9.2;
						ProvisioningStyle = Automatic;
						SystemCapabilities = {
							com.apple.Push = {
								enabled = 1;
							};
						};
					};
					557691C6204E0A700097CCF7 = {
						CreatedOnToolsVersion = 9.2;
						ProvisioningStyle = Automatic;
						TestTargetID = 557691B2204E0A700097CCF7;
					};
				};
			};
			buildConfigurationList = 557691AE204E0A700097CCF7 /* Build configuration list for PBXProject "dailyExchange" */;
			compatibilityVersion = "Xcode 8.0";
			developmentRegion = en;
			hasScannedForEncodings = 0;
			knownRegions = (
				en,
				Base,
			);
			mainGroup = 557691AA204E0A700097CCF7;
			productRefGroup = 557691B4204E0A700097CCF7 /* Products */;
			projectDirPath = "";
			projectRoot = "";
			targets = (
				557691B2204E0A700097CCF7 /* dailyExchange */,
				557691C6204E0A700097CCF7 /* dailyExchangeTests */,
			);
		};
/* End PBXProject section */

/* Begin PBXResourcesBuildPhase section */
		557691B1204E0A700097CCF7 /* Resources */ = {
			isa = PBXResourcesBuildPhase;
			buildActionMask = 2147483647;
			files = (
				55FED5D42084582B00C1118F /* currencyList.json in Resources */,
				554C7D9220630D300087ECAB /* CurrencyTableViewCell.xib in Resources */,
				55C065AF2057A88D009ABAF4 /* Login.storyboard in Resources */,
				55CC22482060FB260025884B /* Info.plist in Resources */,
				557691BE204E0A700097CCF7 /* Assets.xcassets in Resources */,
				557691BC204E0A700097CCF7 /* Main.storyboard in Resources */,
			);
			runOnlyForDeploymentPostprocessing = 0;
		};
		557691C5204E0A700097CCF7 /* Resources */ = {
			isa = PBXResourcesBuildPhase;
			buildActionMask = 2147483647;
			files = (
			);
			runOnlyForDeploymentPostprocessing = 0;
		};
/* End PBXResourcesBuildPhase section */

/* Begin PBXShellScriptBuildPhase section */
		1BE4E023C8ABBBACD7AE7267 /* [CP] Embed Pods Frameworks */ = {
			isa = PBXShellScriptBuildPhase;
			buildActionMask = 2147483647;
			files = (
			);
			inputPaths = (
				"${SRCROOT}/Pods/Target Support Files/Pods-dailyExchange/Pods-dailyExchange-frameworks.sh",
				"${BUILT_PRODUCTS_DIR}/Bolts/Bolts.framework",
				"${BUILT_PRODUCTS_DIR}/Parse/Parse.framework",
			);
			name = "[CP] Embed Pods Frameworks";
			outputPaths = (
				"${TARGET_BUILD_DIR}/${FRAMEWORKS_FOLDER_PATH}/Bolts.framework",
				"${TARGET_BUILD_DIR}/${FRAMEWORKS_FOLDER_PATH}/Parse.framework",
			);
			runOnlyForDeploymentPostprocessing = 0;
			shellPath = /bin/sh;
			shellScript = "\"${SRCROOT}/Pods/Target Support Files/Pods-dailyExchange/Pods-dailyExchange-frameworks.sh\"\n";
			showEnvVarsInLog = 0;
		};
		58F07911ABD37AF0D51EE8F1 /* [CP] Copy Pods Resources */ = {
			isa = PBXShellScriptBuildPhase;
			buildActionMask = 2147483647;
			files = (
			);
			inputPaths = (
			);
			name = "[CP] Copy Pods Resources";
			outputPaths = (
			);
			runOnlyForDeploymentPostprocessing = 0;
			shellPath = /bin/sh;
			shellScript = "\"${SRCROOT}/Pods/Target Support Files/Pods-dailyExchangeTests/Pods-dailyExchangeTests-resources.sh\"\n";
			showEnvVarsInLog = 0;
		};
		5F14450B16B756CFA5FDA9D2 /* [CP] Check Pods Manifest.lock */ = {
			isa = PBXShellScriptBuildPhase;
			buildActionMask = 2147483647;
			files = (
			);
			inputPaths = (
				"${PODS_PODFILE_DIR_PATH}/Podfile.lock",
				"${PODS_ROOT}/Manifest.lock",
			);
			name = "[CP] Check Pods Manifest.lock";
			outputPaths = (
				"$(DERIVED_FILE_DIR)/Pods-dailyExchangeTests-checkManifestLockResult.txt",
			);
			runOnlyForDeploymentPostprocessing = 0;
			shellPath = /bin/sh;
			shellScript = "diff \"${PODS_PODFILE_DIR_PATH}/Podfile.lock\" \"${PODS_ROOT}/Manifest.lock\" > /dev/null\nif [ $? != 0 ] ; then\n    # print error to STDERR\n    echo \"error: The sandbox is not in sync with the Podfile.lock. Run 'pod install' or update your CocoaPods installation.\" >&2\n    exit 1\nfi\n# This output is used by Xcode 'outputs' to avoid re-running this script phase.\necho \"SUCCESS\" > \"${SCRIPT_OUTPUT_FILE_0}\"\n";
			showEnvVarsInLog = 0;
		};
		84C09A0863203B68D8FDF5C4 /* [CP] Embed Pods Frameworks */ = {
			isa = PBXShellScriptBuildPhase;
			buildActionMask = 2147483647;
			files = (
			);
			inputPaths = (
			);
			name = "[CP] Embed Pods Frameworks";
			outputPaths = (
			);
			runOnlyForDeploymentPostprocessing = 0;
			shellPath = /bin/sh;
			shellScript = "\"${SRCROOT}/Pods/Target Support Files/Pods-dailyExchangeTests/Pods-dailyExchangeTests-frameworks.sh\"\n";
			showEnvVarsInLog = 0;
		};
		B4F778CB3371E149892ED53F /* [CP] Check Pods Manifest.lock */ = {
			isa = PBXShellScriptBuildPhase;
			buildActionMask = 2147483647;
			files = (
			);
			inputPaths = (
				"${PODS_PODFILE_DIR_PATH}/Podfile.lock",
				"${PODS_ROOT}/Manifest.lock",
			);
			name = "[CP] Check Pods Manifest.lock";
			outputPaths = (
				"$(DERIVED_FILE_DIR)/Pods-dailyExchange-checkManifestLockResult.txt",
			);
			runOnlyForDeploymentPostprocessing = 0;
			shellPath = /bin/sh;
			shellScript = "diff \"${PODS_PODFILE_DIR_PATH}/Podfile.lock\" \"${PODS_ROOT}/Manifest.lock\" > /dev/null\nif [ $? != 0 ] ; then\n    # print error to STDERR\n    echo \"error: The sandbox is not in sync with the Podfile.lock. Run 'pod install' or update your CocoaPods installation.\" >&2\n    exit 1\nfi\n# This output is used by Xcode 'outputs' to avoid re-running this script phase.\necho \"SUCCESS\" > \"${SCRIPT_OUTPUT_FILE_0}\"\n";
			showEnvVarsInLog = 0;
		};
		CDC0C6F3331809430AA322FB /* [CP] Copy Pods Resources */ = {
			isa = PBXShellScriptBuildPhase;
			buildActionMask = 2147483647;
			files = (
			);
			inputPaths = (
			);
			name = "[CP] Copy Pods Resources";
			outputPaths = (
			);
			runOnlyForDeploymentPostprocessing = 0;
			shellPath = /bin/sh;
			shellScript = "\"${SRCROOT}/Pods/Target Support Files/Pods-dailyExchange/Pods-dailyExchange-resources.sh\"\n";
			showEnvVarsInLog = 0;
		};
/* End PBXShellScriptBuildPhase section */

/* Begin PBXSourcesBuildPhase section */
		557691AF204E0A700097CCF7 /* Sources */ = {
			isa = PBXSourcesBuildPhase;
			buildActionMask = 2147483647;
			files = (
				55C8190420818112000706BB /* FileReader.swift in Sources */,
				556D4FD62058E55A005307BC /* ExchangeRateTableViewCell.swift in Sources */,
				5531CBF520D608580053AAA8 /* ContactUsViewController.swift in Sources */,
				55C065B120587F7F009ABAF4 /* Notifications.swift in Sources */,
				55452E83204E4F4700658D6D /* SignInViewController.swift in Sources */,
				557691B7204E0A700097CCF7 /* AppDelegate.swift in Sources */,
				55452E81204E286900658D6D /* Keys.swift in Sources */,
				55F45CE82072F8FF00ABAE9C /* ErrorPrecentor.swift in Sources */,
				55452E87204E61FD00658D6D /* UserValidator.swift in Sources */,
				55C8190620818D77000706BB /* CurrencyListJsonMapping.swift in Sources */,
				554FEAAD20BB64BC000D8F06 /* ExchangeRateJsonMapping.swift in Sources */,
				55F8CB8B20CF01D10015A254 /* ExchangeRateParseObjectImporter.swift in Sources */,
				55452E51204E0FF600658D6D /* ChartViewController.swift in Sources */,
				554C7D8E206309CC0087ECAB /* CurrencyPickerViewController.swift in Sources */,
				55E72CA0208447BB003AD19A /* DynamicCodingKey.swift in Sources */,
				55452E89204F468F00658D6D /* User.swift in Sources */,
				5531CBF720D6ED730053AAA8 /* Issue.swift in Sources */,
				55244D8520C0BA2F00E0FAB9 /* ExchangeRateParseObject.swift in Sources */,
				554C7D9120630D300087ECAB /* CurrencyTableViewCell.swift in Sources */,
				556D4FDA206061F4005307BC /* CurrencyJsonMapping.swift in Sources */,
				55452E4D204E0FCB00658D6D /* MainViewController.swift in Sources */,
				556D4FD8205A3C7F005307BC /* NetworkingManager.swift in Sources */,
				55452E4F204E0FDD00658D6D /* SettingsViewController.swift in Sources */,
				55F45CE62072F36A00ABAE9C /* VisibleViewControllerExtention.swift in Sources */,
				55452E53204E101700658D6D /* SignUpViewController.swift in Sources */,
			);
			runOnlyForDeploymentPostprocessing = 0;
		};
		557691C3204E0A700097CCF7 /* Sources */ = {
			isa = PBXSourcesBuildPhase;
			buildActionMask = 2147483647;
			files = (
				557691CC204E0A700097CCF7 /* dailyExchangeTests.swift in Sources */,
			);
			runOnlyForDeploymentPostprocessing = 0;
		};
/* End PBXSourcesBuildPhase section */

/* Begin PBXTargetDependency section */
		557691C9204E0A700097CCF7 /* PBXTargetDependency */ = {
			isa = PBXTargetDependency;
			target = 557691B2204E0A700097CCF7 /* dailyExchange */;
			targetProxy = 557691C8204E0A700097CCF7 /* PBXContainerItemProxy */;
		};
/* End PBXTargetDependency section */

/* Begin PBXVariantGroup section */
		557691BA204E0A700097CCF7 /* Main.storyboard */ = {
			isa = PBXVariantGroup;
			children = (
				557691BB204E0A700097CCF7 /* Base */,
			);
			name = Main.storyboard;
			sourceTree = "<group>";
		};
/* End PBXVariantGroup section */

/* Begin XCBuildConfiguration section */
		557691CE204E0A700097CCF7 /* Debug */ = {
			isa = XCBuildConfiguration;
			buildSettings = {
				ALWAYS_SEARCH_USER_PATHS = NO;
				CLANG_ANALYZER_NONNULL = YES;
				CLANG_ANALYZER_NUMBER_OBJECT_CONVERSION = YES_AGGRESSIVE;
				CLANG_CXX_LANGUAGE_STANDARD = "gnu++14";
				CLANG_CXX_LIBRARY = "libc++";
				CLANG_ENABLE_MODULES = YES;
				CLANG_ENABLE_OBJC_ARC = YES;
				CLANG_WARN_BLOCK_CAPTURE_AUTORELEASING = YES;
				CLANG_WARN_BOOL_CONVERSION = YES;
				CLANG_WARN_COMMA = YES;
				CLANG_WARN_CONSTANT_CONVERSION = YES;
				CLANG_WARN_DIRECT_OBJC_ISA_USAGE = YES_ERROR;
				CLANG_WARN_DOCUMENTATION_COMMENTS = YES;
				CLANG_WARN_EMPTY_BODY = YES;
				CLANG_WARN_ENUM_CONVERSION = YES;
				CLANG_WARN_INFINITE_RECURSION = YES;
				CLANG_WARN_INT_CONVERSION = YES;
				CLANG_WARN_NON_LITERAL_NULL_CONVERSION = YES;
				CLANG_WARN_OBJC_LITERAL_CONVERSION = YES;
				CLANG_WARN_OBJC_ROOT_CLASS = YES_ERROR;
				CLANG_WARN_RANGE_LOOP_ANALYSIS = YES;
				CLANG_WARN_STRICT_PROTOTYPES = YES;
				CLANG_WARN_SUSPICIOUS_MOVE = YES;
				CLANG_WARN_UNGUARDED_AVAILABILITY = YES_AGGRESSIVE;
				CLANG_WARN_UNREACHABLE_CODE = YES;
				CLANG_WARN__DUPLICATE_METHOD_MATCH = YES;
				CODE_SIGN_IDENTITY = "iPhone Developer";
				COPY_PHASE_STRIP = NO;
				DEBUG_INFORMATION_FORMAT = dwarf;
				ENABLE_STRICT_OBJC_MSGSEND = YES;
				ENABLE_TESTABILITY = YES;
				GCC_C_LANGUAGE_STANDARD = gnu11;
				GCC_DYNAMIC_NO_PIC = NO;
				GCC_NO_COMMON_BLOCKS = YES;
				GCC_OPTIMIZATION_LEVEL = 0;
				GCC_PREPROCESSOR_DEFINITIONS = (
					"DEBUG=1",
					"$(inherited)",
				);
				GCC_WARN_64_TO_32_BIT_CONVERSION = YES;
				GCC_WARN_ABOUT_RETURN_TYPE = YES_ERROR;
				GCC_WARN_UNDECLARED_SELECTOR = YES;
				GCC_WARN_UNINITIALIZED_AUTOS = YES_AGGRESSIVE;
				GCC_WARN_UNUSED_FUNCTION = YES;
				GCC_WARN_UNUSED_VARIABLE = YES;
				IPHONEOS_DEPLOYMENT_TARGET = 11.2;
				MTL_ENABLE_DEBUG_INFO = YES;
				ONLY_ACTIVE_ARCH = YES;
				SDKROOT = iphoneos;
				SWIFT_ACTIVE_COMPILATION_CONDITIONS = DEBUG;
				SWIFT_OPTIMIZATION_LEVEL = "-Onone";
			};
			name = Debug;
		};
		557691CF204E0A700097CCF7 /* Release */ = {
			isa = XCBuildConfiguration;
			buildSettings = {
				ALWAYS_SEARCH_USER_PATHS = NO;
				CLANG_ANALYZER_NONNULL = YES;
				CLANG_ANALYZER_NUMBER_OBJECT_CONVERSION = YES_AGGRESSIVE;
				CLANG_CXX_LANGUAGE_STANDARD = "gnu++14";
				CLANG_CXX_LIBRARY = "libc++";
				CLANG_ENABLE_MODULES = YES;
				CLANG_ENABLE_OBJC_ARC = YES;
				CLANG_WARN_BLOCK_CAPTURE_AUTORELEASING = YES;
				CLANG_WARN_BOOL_CONVERSION = YES;
				CLANG_WARN_COMMA = YES;
				CLANG_WARN_CONSTANT_CONVERSION = YES;
				CLANG_WARN_DIRECT_OBJC_ISA_USAGE = YES_ERROR;
				CLANG_WARN_DOCUMENTATION_COMMENTS = YES;
				CLANG_WARN_EMPTY_BODY = YES;
				CLANG_WARN_ENUM_CONVERSION = YES;
				CLANG_WARN_INFINITE_RECURSION = YES;
				CLANG_WARN_INT_CONVERSION = YES;
				CLANG_WARN_NON_LITERAL_NULL_CONVERSION = YES;
				CLANG_WARN_OBJC_LITERAL_CONVERSION = YES;
				CLANG_WARN_OBJC_ROOT_CLASS = YES_ERROR;
				CLANG_WARN_RANGE_LOOP_ANALYSIS = YES;
				CLANG_WARN_STRICT_PROTOTYPES = YES;
				CLANG_WARN_SUSPICIOUS_MOVE = YES;
				CLANG_WARN_UNGUARDED_AVAILABILITY = YES_AGGRESSIVE;
				CLANG_WARN_UNREACHABLE_CODE = YES;
				CLANG_WARN__DUPLICATE_METHOD_MATCH = YES;
				CODE_SIGN_IDENTITY = "iPhone Developer";
				COPY_PHASE_STRIP = NO;
				DEBUG_INFORMATION_FORMAT = "dwarf-with-dsym";
				ENABLE_NS_ASSERTIONS = NO;
				ENABLE_STRICT_OBJC_MSGSEND = YES;
				GCC_C_LANGUAGE_STANDARD = gnu11;
				GCC_NO_COMMON_BLOCKS = YES;
				GCC_WARN_64_TO_32_BIT_CONVERSION = YES;
				GCC_WARN_ABOUT_RETURN_TYPE = YES_ERROR;
				GCC_WARN_UNDECLARED_SELECTOR = YES;
				GCC_WARN_UNINITIALIZED_AUTOS = YES_AGGRESSIVE;
				GCC_WARN_UNUSED_FUNCTION = YES;
				GCC_WARN_UNUSED_VARIABLE = YES;
				IPHONEOS_DEPLOYMENT_TARGET = 11.2;
				MTL_ENABLE_DEBUG_INFO = NO;
				SDKROOT = iphoneos;
				SWIFT_OPTIMIZATION_LEVEL = "-Owholemodule";
				VALIDATE_PRODUCT = YES;
			};
			name = Release;
		};
		557691D1204E0A700097CCF7 /* Debug */ = {
			isa = XCBuildConfiguration;
			baseConfigurationReference = 902F6378260AEBDA4D17F5F0 /* Pods-dailyExchange.debug.xcconfig */;
			buildSettings = {
				ASSETCATALOG_COMPILER_APPICON_NAME = AppIcon;
				ASSETCATALOG_COMPILER_LAUNCHIMAGE_NAME = LaunchImage;
				CODE_SIGN_ENTITLEMENTS = dailyExchange/dailyExchange.entitlements;
				CODE_SIGN_STYLE = Automatic;
				DEVELOPMENT_TEAM = 7TB5DTP7UM;
				INFOPLIST_FILE = "$(SRCROOT)/Info.plist";
				LD_RUNPATH_SEARCH_PATHS = "$(inherited) @executable_path/Frameworks";
				PRODUCT_BUNDLE_IDENTIFIER = com.tomm.dailyExchange2;
				PRODUCT_NAME = "$(TARGET_NAME)";
				SWIFT_VERSION = 4.0;
				TARGETED_DEVICE_FAMILY = "1,2";
			};
			name = Debug;
		};
		557691D2204E0A700097CCF7 /* Release */ = {
			isa = XCBuildConfiguration;
			baseConfigurationReference = 7E201AE21138C3B9B3F190B0 /* Pods-dailyExchange.release.xcconfig */;
			buildSettings = {
				ASSETCATALOG_COMPILER_APPICON_NAME = AppIcon;
				ASSETCATALOG_COMPILER_LAUNCHIMAGE_NAME = LaunchImage;
				CODE_SIGN_ENTITLEMENTS = dailyExchange/dailyExchange.entitlements;
				CODE_SIGN_STYLE = Automatic;
				DEVELOPMENT_TEAM = 7TB5DTP7UM;
				INFOPLIST_FILE = "$(SRCROOT)/Info.plist";
				LD_RUNPATH_SEARCH_PATHS = "$(inherited) @executable_path/Frameworks";
				PRODUCT_BUNDLE_IDENTIFIER = com.tomm.dailyExchange2;
				PRODUCT_NAME = "$(TARGET_NAME)";
				SWIFT_VERSION = 4.0;
				TARGETED_DEVICE_FAMILY = "1,2";
			};
			name = Release;
		};
		557691D4204E0A700097CCF7 /* Debug */ = {
			isa = XCBuildConfiguration;
			baseConfigurationReference = C75E640CBBFE55921DBF5FFC /* Pods-dailyExchangeTests.debug.xcconfig */;
			buildSettings = {
				ALWAYS_EMBED_SWIFT_STANDARD_LIBRARIES = YES;
				BUNDLE_LOADER = "$(TEST_HOST)";
				CODE_SIGN_STYLE = Automatic;
				DEVELOPMENT_TEAM = FHZ72ELYQ2;
				INFOPLIST_FILE = dailyExchangeTests/Info.plist;
				LD_RUNPATH_SEARCH_PATHS = "$(inherited) @executable_path/Frameworks @loader_path/Frameworks";
				PRODUCT_BUNDLE_IDENTIFIER = com.tomm.dailyExchangeTests;
				PRODUCT_NAME = "$(TARGET_NAME)";
				SWIFT_VERSION = 4.0;
				TARGETED_DEVICE_FAMILY = "1,2";
				TEST_HOST = "$(BUILT_PRODUCTS_DIR)/dailyExchange.app/dailyExchange";
			};
			name = Debug;
		};
		557691D5204E0A700097CCF7 /* Release */ = {
			isa = XCBuildConfiguration;
			baseConfigurationReference = CF9908DEC441F08859728C51 /* Pods-dailyExchangeTests.release.xcconfig */;
			buildSettings = {
				ALWAYS_EMBED_SWIFT_STANDARD_LIBRARIES = YES;
				BUNDLE_LOADER = "$(TEST_HOST)";
				CODE_SIGN_STYLE = Automatic;
				DEVELOPMENT_TEAM = FHZ72ELYQ2;
				INFOPLIST_FILE = dailyExchangeTests/Info.plist;
				LD_RUNPATH_SEARCH_PATHS = "$(inherited) @executable_path/Frameworks @loader_path/Frameworks";
				PRODUCT_BUNDLE_IDENTIFIER = com.tomm.dailyExchangeTests;
				PRODUCT_NAME = "$(TARGET_NAME)";
				SWIFT_VERSION = 4.0;
				TARGETED_DEVICE_FAMILY = "1,2";
				TEST_HOST = "$(BUILT_PRODUCTS_DIR)/dailyExchange.app/dailyExchange";
			};
			name = Release;
		};
/* End XCBuildConfiguration section */

/* Begin XCConfigurationList section */
		557691AE204E0A700097CCF7 /* Build configuration list for PBXProject "dailyExchange" */ = {
			isa = XCConfigurationList;
			buildConfigurations = (
				557691CE204E0A700097CCF7 /* Debug */,
				557691CF204E0A700097CCF7 /* Release */,
			);
			defaultConfigurationIsVisible = 0;
			defaultConfigurationName = Release;
		};
		557691D0204E0A700097CCF7 /* Build configuration list for PBXNativeTarget "dailyExchange" */ = {
			isa = XCConfigurationList;
			buildConfigurations = (
				557691D1204E0A700097CCF7 /* Debug */,
				557691D2204E0A700097CCF7 /* Release */,
			);
			defaultConfigurationIsVisible = 0;
			defaultConfigurationName = Release;
		};
		557691D3204E0A700097CCF7 /* Build configuration list for PBXNativeTarget "dailyExchangeTests" */ = {
			isa = XCConfigurationList;
			buildConfigurations = (
				557691D4204E0A700097CCF7 /* Debug */,
				557691D5204E0A700097CCF7 /* Release */,
			);
			defaultConfigurationIsVisible = 0;
			defaultConfigurationName = Release;
		};
/* End XCConfigurationList section */
	};
	rootObject = 557691AB204E0A700097CCF7 /* Project object */;
}
